
Microsoft Visual Studio Solution File, Format Version 12.00
# Visual Studio 2013
VisualStudioVersion = 12.0.30110.0
MinimumVisualStudioVersion = 10.0.40219.1
Project("{FAE04EC0-301F-11D3-BF4B-00C04F79EFBC}") = "Data", "Data\Data.csproj", "{281BF724-6F90-442F-B655-90240A9498A1}"
EndProject
Project("{FAE04EC0-301F-11D3-BF4B-00C04F79EFBC}") = "Presentation", "Presentation\Presentation.csproj", "{A0DD2CA0-1ED4-463B-B0C3-09946F496073}"
EndProject
Project("{FAE04EC0-301F-11D3-BF4B-00C04F79EFBC}") = "Trirand.Web.Mvc", "Trirand.Web.Mvc\Trirand.Web.Mvc.csproj", "{2AE1ECF7-BD41-4316-BFA0-9D97B6DADBC9}"
EndProject
Project("{FAE04EC0-301F-11D3-BF4B-00C04F79EFBC}") = "Repository", "Repository\Repository.csproj", "{8CA0F5A8-5D64-41B3-99F4-AF1C0EC8955C}"
EndProject
Project("{FAE04EC0-301F-11D3-BF4B-00C04F79EFBC}") = "Membership", "Membership\Membership.csproj", "{7D31EA73-7AA2-4349-9C8B-B0B3C7F084E2}"
EndProject
Project("{FAE04EC0-301F-11D3-BF4B-00C04F79EFBC}") = "WebSite", "WebSite\WebSite.csproj", "{C0DF415D-94E4-40CA-B98C-1A2EB6016F62}"
EndProject
Project("{FAE04EC0-301F-11D3-BF4B-00C04F79EFBC}") = "Models", "Models\Models.csproj", "{36E35ECC-07CB-46DB-9784-91EC074E95B9}"
EndProject
Project("{FAE04EC0-301F-11D3-BF4B-00C04F79EFBC}") = "Helpers", "Helpers\Helpers.csproj", "{953BE23F-761A-44B9-8EDF-FA6CA6972684}"
EndProject
Global
	GlobalSection(SolutionConfigurationPlatforms) = preSolution
		Debug|Any CPU = Debug|Any CPU
		Release|Any CPU = Release|Any CPU
	EndGlobalSection
	GlobalSection(ProjectConfigurationPlatforms) = postSolution
		{281BF724-6F90-442F-B655-90240A9498A1}.Debug|Any CPU.ActiveCfg = Debug|Any CPU
		{281BF724-6F90-442F-B655-90240A9498A1}.Debug|Any CPU.Build.0 = Debug|Any CPU
		{281BF724-6F90-442F-B655-90240A9498A1}.Release|Any CPU.ActiveCfg = Release|Any CPU
		{281BF724-6F90-442F-B655-90240A9498A1}.Release|Any CPU.Build.0 = Release|Any CPU
		{A0DD2CA0-1ED4-463B-B0C3-09946F496073}.Debug|Any CPU.ActiveCfg = Debug|Any CPU
		{A0DD2CA0-1ED4-463B-B0C3-09946F496073}.Debug|Any CPU.Build.0 = Debug|Any CPU
		{A0DD2CA0-1ED4-463B-B0C3-09946F496073}.Release|Any CPU.ActiveCfg = Release|Any CPU
		{A0DD2CA0-1ED4-463B-B0C3-09946F496073}.Release|Any CPU.Build.0 = Release|Any CPU
		{2AE1ECF7-BD41-4316-BFA0-9D97B6DADBC9}.Debug|Any CPU.ActiveCfg = Debug|Any CPU
		{2AE1ECF7-BD41-4316-BFA0-9D97B6DADBC9}.Debug|Any CPU.Build.0 = Debug|Any CPU
		{2AE1ECF7-BD41-4316-BFA0-9D97B6DADBC9}.Release|Any CPU.ActiveCfg = Release|Any CPU
		{2AE1ECF7-BD41-4316-BFA0-9D97B6DADBC9}.Release|Any CPU.Build.0 = Release|Any CPU
		{8CA0F5A8-5D64-41B3-99F4-AF1C0EC8955C}.Debug|Any CPU.ActiveCfg = Debug|Any CPU
		{8CA0F5A8-5D64-41B3-99F4-AF1C0EC8955C}.Debug|Any CPU.Build.0 = Debug|Any CPU
		{8CA0F5A8-5D64-41B3-99F4-AF1C0EC8955C}.Release|Any CPU.ActiveCfg = Release|Any CPU
		{8CA0F5A8-5D64-41B3-99F4-AF1C0EC8955C}.Release|Any CPU.Build.0 = Release|Any CPU
		{7D31EA73-7AA2-4349-9C8B-B0B3C7F084E2}.Debug|Any CPU.ActiveCfg = Debug|Any CPU
		{7D31EA73-7AA2-4349-9C8B-B0B3C7F084E2}.Debug|Any CPU.Build.0 = Debug|Any CPU
		{7D31EA73-7AA2-4349-9C8B-B0B3C7F084E2}.Release|Any CPU.ActiveCfg = Release|Any CPU
		{7D31EA73-7AA2-4349-9C8B-B0B3C7F084E2}.Release|Any CPU.Build.0 = Release|Any CPU
		{C0DF415D-94E4-40CA-B98C-1A2EB6016F62}.Debug|Any CPU.ActiveCfg = Debug|Any CPU
		{C0DF415D-94E4-40CA-B98C-1A2EB6016F62}.Debug|Any CPU.Build.0 = Debug|Any CPU
		{C0DF415D-94E4-40CA-B98C-1A2EB6016F62}.Release|Any CPU.ActiveCfg = Release|Any CPU
		{C0DF415D-94E4-40CA-B98C-1A2EB6016F62}.Release|Any CPU.Build.0 = Release|Any CPU
		{36E35ECC-07CB-46DB-9784-91EC074E95B9}.Debug|Any CPU.ActiveCfg = Debug|Any CPU
		{36E35ECC-07CB-46DB-9784-91EC074E95B9}.Debug|Any CPU.Build.0 = Debug|Any CPU
		{36E35ECC-07CB-46DB-9784-91EC074E95B9}.Release|Any CPU.ActiveCfg = Release|Any CPU
		{36E35ECC-07CB-46DB-9784-91EC074E95B9}.Release|Any CPU.Build.0 = Release|Any CPU
		{953BE23F-761A-44B9-8EDF-FA6CA6972684}.Debug|Any CPU.ActiveCfg = Debug|Any CPU
		{953BE23F-761A-44B9-8EDF-FA6CA6972684}.Debug|Any CPU.Build.0 = Debug|Any CPU
		{953BE23F-761A-44B9-8EDF-FA6CA6972684}.Release|Any CPU.ActiveCfg = Release|Any CPU
		{953BE23F-761A-44B9-8EDF-FA6CA6972684}.Release|Any CPU.Build.0 = Release|Any CPU
	EndGlobalSection
	GlobalSection(SolutionProperties) = preSolution
		HideSolutionNode = FALSE
	EndGlobalSection
EndGlobal
